name: balena deploy (prod)

# Trigger on tag pushes produced by release.yml.
# `workflow_dispatch` is the manual escape hatch for redeploys when the tag
# already exists and you want to rebuild without retagging.

on:
  push:
    tags: ['v*']
  workflow_dispatch:
    inputs:
      version:
        description: "Version to deploy (must match VERSION file). Used for ad-hoc redeploys."
        required: true

concurrency:
  group: balena-prod
  cancel-in-progress: false

permissions:
  contents: read

jobs:
  deploy:
    runs-on: ubuntu-24.04
    steps:
      # Guard the checkout ref below: on workflow_dispatch, inputs.version is
      # free-form and gets interpolated into format('refs/tags/v{0}', ...).
      # Fail fast unless it is bare semver so a malformed value can't select
      # an unexpected ref. Tag pushes skip this (ref comes from github.ref).
      - name: Validate version input
        if: github.ref_type != 'tag'
        env:
          INPUT_VERSION: ${{ inputs.version }}
        run: |
          if ! printf '%s' "$INPUT_VERSION" | grep -Eq '^[0-9]+\.[0-9]+\.[0-9]+$'; then
            echo "::error::inputs.version must be bare semver like 1.2.3 (got: '$INPUT_VERSION')"
            exit 1
          fi

      - uses: actions/checkout@df4cb1c069e1874edd31b4311f1884172cec0e10 # v6.0.3
        with:
          fetch-depth: 0
          ref: ${{ github.ref_type == 'tag' && github.ref || format('refs/tags/v{0}', inputs.version) }}

      - name: Validate version alignment
        env:
          REF_TYPE: ${{ github.ref_type }}
          REF_NAME: ${{ github.ref_name }}
          INPUT_VERSION: ${{ inputs.version }}
        run: |
          if [ "$REF_TYPE" = "tag" ]; then
            TAG="$REF_NAME"
          else
            TAG="v$INPUT_VERSION"
          fi
          TAG_VERSION="${TAG#v}"
          FILE_VERSION="$(cat VERSION | tr -d '[:space:]')"
          YAML_VERSION="$(awk '/^version:/ {print $2; exit}' balena.yml | tr -d '[:space:]')"
          PKG_VERSION="$(node -p "require('./package.json').version")"
          echo "tag=$TAG_VERSION  VERSION=$FILE_VERSION  balena.yml=$YAML_VERSION  package.json=$PKG_VERSION"
          if [ "$TAG_VERSION" != "$FILE_VERSION" ] \
              || [ "$FILE_VERSION" != "$YAML_VERSION" ] \
              || [ "$YAML_VERSION" != "$PKG_VERSION" ]; then
            echo "::error::Version mismatch. Tag, VERSION, balena.yml, and package.json must all match."
            exit 1
          fi

      - name: Deploy to production fleet
        id: deploy
        uses: balena-io/deploy-to-balena-action@61a347b1b9fa00afbc8e117f0f280e989d02d7cb # v2.3.0
        with:
          balena_token: ${{ secrets.BALENA_API_TOKEN }}
          fleet: ${{ secrets.BALENA_FLEET_PROD }}

      - if: steps.deploy.outputs.release_id != ''
        run: echo "release_id=${{ steps.deploy.outputs.release_id }} version=${{ steps.deploy.outputs.version }}"

      - name: Set release note on balena fleet
        if: steps.deploy.outputs.release_id != ''
        run: node scripts/set-release-note.mjs
        env:
          BALENA_API_TOKEN: ${{ secrets.BALENA_API_TOKEN }}
          BALENA_FLEET: ${{ secrets.BALENA_FLEET_PROD }}
